
Microsoft Visual Studio Solution File, Format Version 12.00
# Visual Studio Version 16
VisualStudioVersion = 16.0.30804.86
MinimumVisualStudioVersion = 10.0.40219.1
Project("{FAE04EC0-301F-11D3-BF4B-00C04F79EFBC}") = "RemoveLocalProject", "RemoveLocalProjectAddon\RemoveLocalProjectAddon.csproj", "{B82F6164-B011-4F84-BDD4-F99E572788F2}"
EndProject
Global
	GlobalSection(SolutionConfigurationPlatforms) = preSolution
		Debug|Any CPU = Debug|Any CPU
		Release|Any CPU = Release|Any CPU
	EndGlobalSection
	GlobalSection(ProjectConfigurationPlatforms) = postSolution
		{B82F6164-B011-4F84-BDD4-F99E572788F2}.Debug|Any CPU.ActiveCfg = Debug|Any CPU
		{B82F6164-B011-4F84-BDD4-F99E572788F2}.Debug|Any CPU.Build.0 = Debug|Any CPU
		{B82F6164-B011-4F84-BDD4-F99E572788F2}.Release|Any CPU.ActiveCfg = Release|Any CPU
		{B82F6164-B011-4F84-BDD4-F99E572788F2}.Release|Any CPU.Build.0 = Release|Any CPU
	EndGlobalSection
	GlobalSection(SolutionProperties) = preSolution
		HideSolutionNode = FALSE
	EndGlobalSection
	GlobalSection(ExtensibilityGlobals) = postSolution
		SolutionGuid = {32915205-83C5-4BD2-8917-6C951AA9324B}
	EndGlobalSection
EndGlobal
